
Microsoft Visual Studio Solution File, Format Version 12.00
# Visual Studio 2013
VisualStudioVersion = 12.0.30723.0
MinimumVisualStudioVersion = 10.0.40219.1
Project("{2150E333-8FDC-42A3-9474-1A3956D46DE8}") = "DataAccess", "DataAccess", "{455A4AFB-EC63-4838-8E91-93FFA654D5AC}"
EndProject
Project("{FAE04EC0-301F-11D3-BF4B-00C04F79EFBC}") = "DataAccess.EntityFramework", "DataAccess\DataAccess.EntityFramework\DataAccess.EntityFramework.csproj", "{244E01B4-912E-41EC-9DE4-58DE7B717C33}"
EndProject
Project("{FAE04EC0-301F-11D3-BF4B-00C04F79EFBC}") = "DataAccess.Data", "DataAccess\DataAccess.Data\DataAccess.Data.csproj", "{94E174D7-B93E-4404-9649-79A8149C34A1}"
EndProject
Project("{2150E333-8FDC-42A3-9474-1A3956D46DE8}") = "Domain", "Domain", "{49C5FEA8-6B98-4224-944B-9387B9FDD9F3}"
EndProject
Project("{FAE04EC0-301F-11D3-BF4B-00C04F79EFBC}") = "Domain.Model", "Domain\Domain.Model\Domain.Model.csproj", "{D49C2BB6-DC7D-40E4-8E29-E8696CF05AB4}"
EndProject
Project("{FAE04EC0-301F-11D3-BF4B-00C04F79EFBC}") = "Domain.Service", "Domain\Domain.Service\Domain.Service.csproj", "{BEEBF078-B179-4DCD-9389-B374199E0AE7}"
EndProject
Project("{FAE04EC0-301F-11D3-BF4B-00C04F79EFBC}") = "App", "App\App.csproj", "{DB0F476B-BA9C-4B11-86CE-E38124EB9269}"
EndProject
Global
	GlobalSection(SolutionConfigurationPlatforms) = preSolution
		Debug|Any CPU = Debug|Any CPU
		Release|Any CPU = Release|Any CPU
	EndGlobalSection
	GlobalSection(ProjectConfigurationPlatforms) = postSolution
		{244E01B4-912E-41EC-9DE4-58DE7B717C33}.Debug|Any CPU.ActiveCfg = Debug|Any CPU
		{244E01B4-912E-41EC-9DE4-58DE7B717C33}.Debug|Any CPU.Build.0 = Debug|Any CPU
		{244E01B4-912E-41EC-9DE4-58DE7B717C33}.Release|Any CPU.ActiveCfg = Release|Any CPU
		{244E01B4-912E-41EC-9DE4-58DE7B717C33}.Release|Any CPU.Build.0 = Release|Any CPU
		{94E174D7-B93E-4404-9649-79A8149C34A1}.Debug|Any CPU.ActiveCfg = Debug|Any CPU
		{94E174D7-B93E-4404-9649-79A8149C34A1}.Debug|Any CPU.Build.0 = Debug|Any CPU
		{94E174D7-B93E-4404-9649-79A8149C34A1}.Release|Any CPU.ActiveCfg = Release|Any CPU
		{94E174D7-B93E-4404-9649-79A8149C34A1}.Release|Any CPU.Build.0 = Release|Any CPU
		{D49C2BB6-DC7D-40E4-8E29-E8696CF05AB4}.Debug|Any CPU.ActiveCfg = Debug|Any CPU
		{D49C2BB6-DC7D-40E4-8E29-E8696CF05AB4}.Debug|Any CPU.Build.0 = Debug|Any CPU
		{D49C2BB6-DC7D-40E4-8E29-E8696CF05AB4}.Release|Any CPU.ActiveCfg = Release|Any CPU
		{D49C2BB6-DC7D-40E4-8E29-E8696CF05AB4}.Release|Any CPU.Build.0 = Release|Any CPU
		{BEEBF078-B179-4DCD-9389-B374199E0AE7}.Debug|Any CPU.ActiveCfg = Debug|Any CPU
		{BEEBF078-B179-4DCD-9389-B374199E0AE7}.Debug|Any CPU.Build.0 = Debug|Any CPU
		{BEEBF078-B179-4DCD-9389-B374199E0AE7}.Release|Any CPU.ActiveCfg = Release|Any CPU
		{BEEBF078-B179-4DCD-9389-B374199E0AE7}.Release|Any CPU.Build.0 = Release|Any CPU
		{DB0F476B-BA9C-4B11-86CE-E38124EB9269}.Debug|Any CPU.ActiveCfg = Debug|Any CPU
		{DB0F476B-BA9C-4B11-86CE-E38124EB9269}.Debug|Any CPU.Build.0 = Debug|Any CPU
		{DB0F476B-BA9C-4B11-86CE-E38124EB9269}.Release|Any CPU.ActiveCfg = Release|Any CPU
		{DB0F476B-BA9C-4B11-86CE-E38124EB9269}.Release|Any CPU.Build.0 = Release|Any CPU
	EndGlobalSection
	GlobalSection(SolutionProperties) = preSolution
		HideSolutionNode = FALSE
	EndGlobalSection
	GlobalSection(NestedProjects) = preSolution
		{244E01B4-912E-41EC-9DE4-58DE7B717C33} = {455A4AFB-EC63-4838-8E91-93FFA654D5AC}
		{94E174D7-B93E-4404-9649-79A8149C34A1} = {455A4AFB-EC63-4838-8E91-93FFA654D5AC}
		{D49C2BB6-DC7D-40E4-8E29-E8696CF05AB4} = {49C5FEA8-6B98-4224-944B-9387B9FDD9F3}
		{BEEBF078-B179-4DCD-9389-B374199E0AE7} = {49C5FEA8-6B98-4224-944B-9387B9FDD9F3}
	EndGlobalSection
EndGlobal
