
Microsoft Visual Studio Solution File, Format Version 12.00
# Visual Studio 2013
VisualStudioVersion = 12.0.30723.0
MinimumVisualStudioVersion = 10.0.40219.1
Project("{2150E333-8FDC-42A3-9474-1A3956D46DE8}") = "DataAccess", "DataAccess", "{455A4AFB-EC63-4838-8E91-93FFA654D5AC}"
EndProject
Project("{2150E333-8FDC-42A3-9474-1A3956D46DE8}") = "Domain", "Domain", "{49C5FEA8-6B98-4224-944B-9387B9FDD9F3}"
EndProject
Project("{FAE04EC0-301F-11D3-BF4B-00C04F79EFBC}") = "App", "App\App.csproj", "{DB0F476B-BA9C-4B11-86CE-E38124EB9269}"
EndProject
Project("{FAE04EC0-301F-11D3-BF4B-00C04F79EFBC}") = "DataAccess.EntityFramework", "DataAccess\DataAccess.EntityFramework\DataAccess.EntityFramework.csproj", "{D1EDF08D-9357-4E28-BE17-AB249F6337DE}"
EndProject
Project("{FAE04EC0-301F-11D3-BF4B-00C04F79EFBC}") = "DataAccess.Data", "DataAccess\DataAccess.Data\DataAccess.Data.csproj", "{5093299F-91B5-4937-8162-D1A96634735F}"
EndProject
Project("{FAE04EC0-301F-11D3-BF4B-00C04F79EFBC}") = "Domain.Model", "Domain\Domain.Model\Domain.Model.csproj", "{4A0CA074-A548-4D72-9B75-80F07354FDE0}"
EndProject
Project("{FAE04EC0-301F-11D3-BF4B-00C04F79EFBC}") = "Domain.Service", "Domain\Domain.Service\Domain.Service.csproj", "{62880DAC-EBC2-4334-A3E8-F0753F8AA508}"
EndProject
Project("{FAE04EC0-301F-11D3-BF4B-00C04F79EFBC}") = "Core", "Core\Core.csproj", "{6AFAB4D8-36E0-4382-B33A-876E73DCD39B}"
EndProject
Project("{FAE04EC0-301F-11D3-BF4B-00C04F79EFBC}") = "DTO", "DTO\DTO.csproj", "{C56C2E48-EDE1-422B-8C00-F28E284DB4D8}"
EndProject
Global
	GlobalSection(SolutionConfigurationPlatforms) = preSolution
		Debug|Any CPU = Debug|Any CPU
		Release|Any CPU = Release|Any CPU
	EndGlobalSection
	GlobalSection(ProjectConfigurationPlatforms) = postSolution
		{DB0F476B-BA9C-4B11-86CE-E38124EB9269}.Debug|Any CPU.ActiveCfg = Debug|Any CPU
		{DB0F476B-BA9C-4B11-86CE-E38124EB9269}.Debug|Any CPU.Build.0 = Debug|Any CPU
		{DB0F476B-BA9C-4B11-86CE-E38124EB9269}.Release|Any CPU.ActiveCfg = Release|Any CPU
		{DB0F476B-BA9C-4B11-86CE-E38124EB9269}.Release|Any CPU.Build.0 = Release|Any CPU
		{D1EDF08D-9357-4E28-BE17-AB249F6337DE}.Debug|Any CPU.ActiveCfg = Debug|Any CPU
		{D1EDF08D-9357-4E28-BE17-AB249F6337DE}.Debug|Any CPU.Build.0 = Debug|Any CPU
		{D1EDF08D-9357-4E28-BE17-AB249F6337DE}.Release|Any CPU.ActiveCfg = Release|Any CPU
		{D1EDF08D-9357-4E28-BE17-AB249F6337DE}.Release|Any CPU.Build.0 = Release|Any CPU
		{5093299F-91B5-4937-8162-D1A96634735F}.Debug|Any CPU.ActiveCfg = Debug|Any CPU
		{5093299F-91B5-4937-8162-D1A96634735F}.Debug|Any CPU.Build.0 = Debug|Any CPU
		{5093299F-91B5-4937-8162-D1A96634735F}.Release|Any CPU.ActiveCfg = Release|Any CPU
		{5093299F-91B5-4937-8162-D1A96634735F}.Release|Any CPU.Build.0 = Release|Any CPU
		{4A0CA074-A548-4D72-9B75-80F07354FDE0}.Debug|Any CPU.ActiveCfg = Debug|Any CPU
		{4A0CA074-A548-4D72-9B75-80F07354FDE0}.Debug|Any CPU.Build.0 = Debug|Any CPU
		{4A0CA074-A548-4D72-9B75-80F07354FDE0}.Release|Any CPU.ActiveCfg = Release|Any CPU
		{4A0CA074-A548-4D72-9B75-80F07354FDE0}.Release|Any CPU.Build.0 = Release|Any CPU
		{62880DAC-EBC2-4334-A3E8-F0753F8AA508}.Debug|Any CPU.ActiveCfg = Debug|Any CPU
		{62880DAC-EBC2-4334-A3E8-F0753F8AA508}.Debug|Any CPU.Build.0 = Debug|Any CPU
		{62880DAC-EBC2-4334-A3E8-F0753F8AA508}.Release|Any CPU.ActiveCfg = Release|Any CPU
		{62880DAC-EBC2-4334-A3E8-F0753F8AA508}.Release|Any CPU.Build.0 = Release|Any CPU
		{6AFAB4D8-36E0-4382-B33A-876E73DCD39B}.Debug|Any CPU.ActiveCfg = Debug|Any CPU
		{6AFAB4D8-36E0-4382-B33A-876E73DCD39B}.Debug|Any CPU.Build.0 = Debug|Any CPU
		{6AFAB4D8-36E0-4382-B33A-876E73DCD39B}.Release|Any CPU.ActiveCfg = Release|Any CPU
		{6AFAB4D8-36E0-4382-B33A-876E73DCD39B}.Release|Any CPU.Build.0 = Release|Any CPU
		{C56C2E48-EDE1-422B-8C00-F28E284DB4D8}.Debug|Any CPU.ActiveCfg = Debug|Any CPU
		{C56C2E48-EDE1-422B-8C00-F28E284DB4D8}.Debug|Any CPU.Build.0 = Debug|Any CPU
		{C56C2E48-EDE1-422B-8C00-F28E284DB4D8}.Release|Any CPU.ActiveCfg = Release|Any CPU
		{C56C2E48-EDE1-422B-8C00-F28E284DB4D8}.Release|Any CPU.Build.0 = Release|Any CPU
	EndGlobalSection
	GlobalSection(SolutionProperties) = preSolution
		HideSolutionNode = FALSE
	EndGlobalSection
	GlobalSection(NestedProjects) = preSolution
		{D1EDF08D-9357-4E28-BE17-AB249F6337DE} = {455A4AFB-EC63-4838-8E91-93FFA654D5AC}
		{5093299F-91B5-4937-8162-D1A96634735F} = {455A4AFB-EC63-4838-8E91-93FFA654D5AC}
		{4A0CA074-A548-4D72-9B75-80F07354FDE0} = {49C5FEA8-6B98-4224-944B-9387B9FDD9F3}
		{62880DAC-EBC2-4334-A3E8-F0753F8AA508} = {49C5FEA8-6B98-4224-944B-9387B9FDD9F3}
	EndGlobalSection
EndGlobal
